
Microsoft Visual Studio Solution File, Format Version 12.00
# Visual Studio Version 16
VisualStudioVersion = 16.0.32228.343
MinimumVisualStudioVersion = 10.0.40219.1
Project("{FAE04EC0-301F-11D3-BF4B-00C04F79EFBC}") = "VehicleConsoleApp", "VehicleConsoleApp.csproj", "{FAE2ACBE-4A37-4AFA-B144-BCA0D734D5A1}"
EndProject
Global
	GlobalSection(SolutionConfigurationPlatforms) = preSolution
		Debug|Any CPU = Debug|Any CPU
		Release|Any CPU = Release|Any CPU
	EndGlobalSection
	GlobalSection(ProjectConfigurationPlatforms) = postSolution
		{FAE2ACBE-4A37-4AFA-B144-BCA0D734D5A1}.Debug|Any CPU.ActiveCfg = Debug|Any CPU
		{FAE2ACBE-4A37-4AFA-B144-BCA0D734D5A1}.Debug|Any CPU.Build.0 = Debug|Any CPU
		{FAE2ACBE-4A37-4AFA-B144-BCA0D734D5A1}.Release|Any CPU.ActiveCfg = Release|Any CPU
		{FAE2ACBE-4A37-4AFA-B144-BCA0D734D5A1}.Release|Any CPU.Build.0 = Release|Any CPU
	EndGlobalSection
	GlobalSection(SolutionProperties) = preSolution
		HideSolutionNode = FALSE
	EndGlobalSection
	GlobalSection(ExtensibilityGlobals) = postSolution
		SolutionGuid = {D466A987-1DC6-4E16-B41A-F086E52F81C4}
	EndGlobalSection
EndGlobal
